
Microsoft Visual Studio Solution File, Format Version 12.00
# Visual Studio 15
VisualStudioVersion = 15.0.26403.0
MinimumVisualStudioVersion = 10.0.40219.1
Project("{FAE04EC0-301F-11D3-BF4B-00C04F79EFBC}") = "NoNameGame.Main", "NoNameGame.Main\NoNameGame.Main.csproj", "{2772E1A3-D3D4-4B0C-9D8F-C4A8DFE91DEA}"
EndProject
Project("{FAE04EC0-301F-11D3-BF4B-00C04F79EFBC}") = "NoNameGame.Core", "NoNameGame.Core\NoNameGame.Core.csproj", "{DE69A2B5-76AB-4376-B0B7-4CE0837DE0A3}"
EndProject
Project("{FAE04EC0-301F-11D3-BF4B-00C04F79EFBC}") = "NoNameGame.Data", "NoNameGame.Data\NoNameGame.Data.csproj", "{87028B69-26E4-4622-A85C-C842FB5853CD}"
EndProject
Project("{FAE04EC0-301F-11D3-BF4B-00C04F79EFBC}") = "NoNameGame.ECS", "NoNameGame.ECS\NoNameGame.ECS.csproj", "{DB4E4B0D-AC7A-472C-BCE9-56D88277E37F}"
EndProject
Project("{FAE04EC0-301F-11D3-BF4B-00C04F79EFBC}") = "NoNameGame.Gameplay", "NoNameGame.Gameplay\NoNameGame.Gameplay.csproj", "{EB4598BD-01B7-4795-9850-6D888537F81A}"
EndProject
Global
	GlobalSection(SolutionConfigurationPlatforms) = preSolution
		Debug|Any CPU = Debug|Any CPU
		Debug|x86 = Debug|x86
		Release|Any CPU = Release|Any CPU
		Release|x86 = Release|x86
	EndGlobalSection
	GlobalSection(ProjectConfigurationPlatforms) = postSolution
		{2772E1A3-D3D4-4B0C-9D8F-C4A8DFE91DEA}.Debug|Any CPU.ActiveCfg = Debug|x86
		{2772E1A3-D3D4-4B0C-9D8F-C4A8DFE91DEA}.Debug|Any CPU.Build.0 = Debug|x86
		{2772E1A3-D3D4-4B0C-9D8F-C4A8DFE91DEA}.Debug|x86.ActiveCfg = Debug|x86
		{2772E1A3-D3D4-4B0C-9D8F-C4A8DFE91DEA}.Debug|x86.Build.0 = Debug|x86
		{2772E1A3-D3D4-4B0C-9D8F-C4A8DFE91DEA}.Release|Any CPU.ActiveCfg = Release|x86
		{2772E1A3-D3D4-4B0C-9D8F-C4A8DFE91DEA}.Release|x86.ActiveCfg = Release|x86
		{2772E1A3-D3D4-4B0C-9D8F-C4A8DFE91DEA}.Release|x86.Build.0 = Release|x86
		{DE69A2B5-76AB-4376-B0B7-4CE0837DE0A3}.Debug|Any CPU.ActiveCfg = Debug|Any CPU
		{DE69A2B5-76AB-4376-B0B7-4CE0837DE0A3}.Debug|Any CPU.Build.0 = Debug|Any CPU
		{DE69A2B5-76AB-4376-B0B7-4CE0837DE0A3}.Debug|x86.ActiveCfg = Debug|Any CPU
		{DE69A2B5-76AB-4376-B0B7-4CE0837DE0A3}.Debug|x86.Build.0 = Debug|Any CPU
		{DE69A2B5-76AB-4376-B0B7-4CE0837DE0A3}.Release|Any CPU.ActiveCfg = Release|Any CPU
		{DE69A2B5-76AB-4376-B0B7-4CE0837DE0A3}.Release|Any CPU.Build.0 = Release|Any CPU
		{DE69A2B5-76AB-4376-B0B7-4CE0837DE0A3}.Release|x86.ActiveCfg = Release|Any CPU
		{DE69A2B5-76AB-4376-B0B7-4CE0837DE0A3}.Release|x86.Build.0 = Release|Any CPU
		{87028B69-26E4-4622-A85C-C842FB5853CD}.Debug|Any CPU.ActiveCfg = Debug|Any CPU
		{87028B69-26E4-4622-A85C-C842FB5853CD}.Debug|Any CPU.Build.0 = Debug|Any CPU
		{87028B69-26E4-4622-A85C-C842FB5853CD}.Debug|x86.ActiveCfg = Debug|Any CPU
		{87028B69-26E4-4622-A85C-C842FB5853CD}.Debug|x86.Build.0 = Debug|Any CPU
		{87028B69-26E4-4622-A85C-C842FB5853CD}.Release|Any CPU.ActiveCfg = Release|Any CPU
		{87028B69-26E4-4622-A85C-C842FB5853CD}.Release|Any CPU.Build.0 = Release|Any CPU
		{87028B69-26E4-4622-A85C-C842FB5853CD}.Release|x86.ActiveCfg = Release|Any CPU
		{87028B69-26E4-4622-A85C-C842FB5853CD}.Release|x86.Build.0 = Release|Any CPU
		{DB4E4B0D-AC7A-472C-BCE9-56D88277E37F}.Debug|Any CPU.ActiveCfg = Debug|Any CPU
		{DB4E4B0D-AC7A-472C-BCE9-56D88277E37F}.Debug|Any CPU.Build.0 = Debug|Any CPU
		{DB4E4B0D-AC7A-472C-BCE9-56D88277E37F}.Debug|x86.ActiveCfg = Debug|Any CPU
		{DB4E4B0D-AC7A-472C-BCE9-56D88277E37F}.Debug|x86.Build.0 = Debug|Any CPU
		{DB4E4B0D-AC7A-472C-BCE9-56D88277E37F}.Release|Any CPU.ActiveCfg = Release|Any CPU
		{DB4E4B0D-AC7A-472C-BCE9-56D88277E37F}.Release|Any CPU.Build.0 = Release|Any CPU
		{DB4E4B0D-AC7A-472C-BCE9-56D88277E37F}.Release|x86.ActiveCfg = Release|Any CPU
		{DB4E4B0D-AC7A-472C-BCE9-56D88277E37F}.Release|x86.Build.0 = Release|Any CPU
		{EB4598BD-01B7-4795-9850-6D888537F81A}.Debug|Any CPU.ActiveCfg = Debug|Any CPU
		{EB4598BD-01B7-4795-9850-6D888537F81A}.Debug|Any CPU.Build.0 = Debug|Any CPU
		{EB4598BD-01B7-4795-9850-6D888537F81A}.Debug|x86.ActiveCfg = Debug|Any CPU
		{EB4598BD-01B7-4795-9850-6D888537F81A}.Debug|x86.Build.0 = Debug|Any CPU
		{EB4598BD-01B7-4795-9850-6D888537F81A}.Release|Any CPU.ActiveCfg = Release|Any CPU
		{EB4598BD-01B7-4795-9850-6D888537F81A}.Release|Any CPU.Build.0 = Release|Any CPU
		{EB4598BD-01B7-4795-9850-6D888537F81A}.Release|x86.ActiveCfg = Release|Any CPU
		{EB4598BD-01B7-4795-9850-6D888537F81A}.Release|x86.Build.0 = Release|Any CPU
	EndGlobalSection
	GlobalSection(SolutionProperties) = preSolution
		HideSolutionNode = FALSE
	EndGlobalSection
EndGlobal
