
Microsoft Visual Studio Solution File, Format Version 12.00
Project("{FAE04EC0-301F-11D3-BF4B-00C04F79EFBC}") = "NoNameGame.Main", "NoNameGame.Main\NoNameGame.Main.csproj", "{35D46A16-F0A7-4C03-9D55-E25F46A1D244}"
EndProject
Project("{FAE04EC0-301F-11D3-BF4B-00C04F79EFBC}") = "NoNameGame.ECS", "NoNameGame.ECS\NoNameGame.ECS.csproj", "{450433B7-2776-4B19-A086-8079FE664954}"
EndProject
Project("{FAE04EC0-301F-11D3-BF4B-00C04F79EFBC}") = "NoNameGame.Gameplay", "NoNameGame.Gameplay\NoNameGame.Gameplay.csproj", "{1FF88EAB-7ABB-4831-BD91-A91CCABA123A}"
EndProject
Global
	GlobalSection(SolutionConfigurationPlatforms) = preSolution
		Debug|Any CPU = Debug|Any CPU
		Release|Any CPU = Release|Any CPU
	EndGlobalSection
	GlobalSection(ProjectConfigurationPlatforms) = postSolution
		{35D46A16-F0A7-4C03-9D55-E25F46A1D244}.Debug|Any CPU.ActiveCfg = Debug|Any CPU
		{35D46A16-F0A7-4C03-9D55-E25F46A1D244}.Debug|Any CPU.Build.0 = Debug|Any CPU
		{35D46A16-F0A7-4C03-9D55-E25F46A1D244}.Release|Any CPU.ActiveCfg = Release|Any CPU
		{35D46A16-F0A7-4C03-9D55-E25F46A1D244}.Release|Any CPU.Build.0 = Release|Any CPU
		{450433B7-2776-4B19-A086-8079FE664954}.Debug|Any CPU.ActiveCfg = Debug|Any CPU
		{450433B7-2776-4B19-A086-8079FE664954}.Debug|Any CPU.Build.0 = Debug|Any CPU
		{450433B7-2776-4B19-A086-8079FE664954}.Release|Any CPU.ActiveCfg = Release|Any CPU
		{450433B7-2776-4B19-A086-8079FE664954}.Release|Any CPU.Build.0 = Release|Any CPU
		{1FF88EAB-7ABB-4831-BD91-A91CCABA123A}.Debug|Any CPU.ActiveCfg = Debug|Any CPU
		{1FF88EAB-7ABB-4831-BD91-A91CCABA123A}.Debug|Any CPU.Build.0 = Debug|Any CPU
		{1FF88EAB-7ABB-4831-BD91-A91CCABA123A}.Release|Any CPU.ActiveCfg = Release|Any CPU
		{1FF88EAB-7ABB-4831-BD91-A91CCABA123A}.Release|Any CPU.Build.0 = Release|Any CPU
	EndGlobalSection
EndGlobal
